// !$*UTF8*$!
{
	archiveVersion = 1;
	classes = {
	};
	objectVersion = 56;
	objects = {

/* Begin PBXBuildFile section */
		4671AE3B2BA8E12E00F84520 /* MaMovieApp.swift in Sources */ = {isa = PBXBuildFile; fileRef = 4671AE3A2BA8E12E00F84520 /* MaMovieApp.swift */; };
		4671AE3D2BA8E12E00F84520 /* ContentView.swift in Sources */ = {isa = PBXBuildFile; fileRef = 4671AE3C2BA8E12E00F84520 /* ContentView.swift */; };
		4671AE3F2BA8E13100F84520 /* Assets.xcassets in Resources */ = {isa = PBXBuildFile; fileRef = 4671AE3E2BA8E13100F84520 /* Assets.xcassets */; };
		4671AE422BA8E13100F84520 /* Preview Assets.xcassets in Resources */ = {isa = PBXBuildFile; fileRef = 4671AE412BA8E13100F84520 /* Preview Assets.xcassets */; };
		4671AE4C2BA8E13100F84520 /* MaMovieTests.swift in Sources */ = {isa = PBXBuildFile; fileRef = 4671AE4B2BA8E13100F84520 /* MaMovieTests.swift */; };
		4671AE562BA8E13100F84520 /* MaMovieUITests.swift in Sources */ = {isa = PBXBuildFile; fileRef = 4671AE552BA8E13100F84520 /* MaMovieUITests.swift */; };
		4671AE582BA8E13100F84520 /* MaMovieUITestsLaunchTests.swift in Sources */ = {isa = PBXBuildFile; fileRef = 4671AE572BA8E13100F84520 /* MaMovieUITestsLaunchTests.swift */; };
/* End PBXBuildFile section */

/* Begin PBXContainerItemProxy section */
		4671AE482BA8E13100F84520 /* PBXContainerItemProxy */ = {
			isa = PBXContainerItemProxy;
			containerPortal = 4671AE2F2BA8E12E00F84520 /* Project object */;
			proxyType = 1;
			remoteGlobalIDString = 4671AE362BA8E12E00F84520;
			remoteInfo = MaMovie;
		};
		4671AE522BA8E13100F84520 /* PBXContainerItemProxy */ = {
			isa = PBXContainerItemProxy;
			containerPortal = 4671AE2F2BA8E12E00F84520 /* Project object */;
			proxyType = 1;
			remoteGlobalIDString = 4671AE362BA8E12E00F84520;
			remoteInfo = MaMovie;
		};
/* End PBXContainerItemProxy section */

/* Begin PBXFileReference section */
		4671AE372BA8E12E00F84520 /* MaMovie.app */ = {isa = PBXFileReference; explicitFileType = wrapper.application; includeInIndex = 0; path = MaMovie.app; sourceTree = BUILT_PRODUCTS_DIR; };
		4671AE3A2BA8E12E00F84520 /* MaMovieApp.swift */ = {isa = PBXFileReference; lastKnownFileType = sourcecode.swift; path = MaMovieApp.swift; sourceTree = "<group>"; };
		4671AE3C2BA8E12E00F84520 /* ContentView.swift */ = {isa = PBXFileReference; lastKnownFileType = sourcecode.swift; path = ContentView.swift; sourceTree = "<group>"; };
		4671AE3E2BA8E13100F84520 /* Assets.xcassets */ = {isa = PBXFileReference; lastKnownFileType = folder.assetcatalog; path = Assets.xcassets; sourceTree = "<group>"; };
		4671AE412BA8E13100F84520 /* Preview Assets.xcassets */ = {isa = PBXFileReference; lastKnownFileType = folder.assetcatalog; path = "Preview Assets.xcassets"; sourceTree = "<group>"; };
		4671AE472BA8E13100F84520 /* MaMovieTests.xctest */ = {isa = PBXFileReference; explicitFileType = wrapper.cfbundle; includeInIndex = 0; path = MaMovieTests.xctest; sourceTree = BUILT_PRODUCTS_DIR; };
		4671AE4B2BA8E13100F84520 /* MaMovieTests.swift */ = {isa = PBXFileReference; lastKnownFileType = sourcecode.swift; path = MaMovieTests.swift; sourceTree = "<group>"; };
		4671AE512BA8E13100F84520 /* MaMovieUITests.xctest */ = {isa = PBXFileReference; explicitFileType = wrapper.cfbundle; includeInIndex = 0; path = MaMovieUITests.xctest; sourceTree = BUILT_PRODUCTS_DIR; };
		4671AE552BA8E13100F84520 /* MaMovieUITests.swift */ = {isa = PBXFileReference; lastKnownFileType = sourcecode.swift; path = MaMovieUITests.swift; sourceTree = "<group>"; };
		4671AE572BA8E13100F84520 /* MaMovieUITestsLaunchTests.swift */ = {isa = PBXFileReference; lastKnownFileType = sourcecode.swift; path = MaMovieUITestsLaunchTests.swift; sourceTree = "<group>"; };
/* End PBXFileReference section */

/* Begin PBXFrameworksBuildPhase section */
		4671AE342BA8E12E00F84520 /* Frameworks */ = {
			isa = PBXFrameworksBuildPhase;
			buildActionMask = 2147483647;
			files = (
			);
			runOnlyForDeploymentPostprocessing = 0;
		};
		4671AE442BA8E13100F84520 /* Frameworks */ = {
			isa = PBXFrameworksBuildPhase;
			buildActionMask = 2147483647;
			files = (
			);
			runOnlyForDeploymentPostprocessing = 0;
		};
		4671AE4E2BA8E13100F84520 /* Frameworks */ = {
			isa = PBXFrameworksBuildPhase;
			buildActionMask = 2147483647;
			files = (
			);
			runOnlyForDeploymentPostprocessing = 0;
		};
/* End PBXFrameworksBuildPhase section */

/* Begin PBXGroup section */
		4671AE2E2BA8E12E00F84520 = {
			isa = PBXGroup;
			children = (
				4671AE392BA8E12E00F84520 /* MaMovie */,
				4671AE4A2BA8E13100F84520 /* MaMovieTests */,
				4671AE542BA8E13100F84520 /* MaMovieUITests */,
				4671AE382BA8E12E00F84520 /* Products */,
			);
			sourceTree = "<group>";
		};
		4671AE382BA8E12E00F84520 /* Products */ = {
			isa = PBXGroup;
			children = (
				4671AE372BA8E12E00F84520 /* MaMovie.app */,
				4671AE472BA8E13100F84520 /* MaMovieTests.xctest */,
				4671AE512BA8E13100F84520 /* MaMovieUITests.xctest */,
			);
			name = Products;
			sourceTree = "<group>";
		};
		4671AE392BA8E12E00F84520 /* MaMovie */ = {
			isa = PBXGroup;
			children = (
				4671AE3A2BA8E12E00F84520 /* MaMovieApp.swift */,
				4671AE3C2BA8E12E00F84520 /* ContentView.swift */,
				4671AE3E2BA8E13100F84520 /* Assets.xcassets */,
				4671AE402BA8E13100F84520 /* Preview Content */,
			);
			path = MaMovie;
			sourceTree = "<group>";
		};
		4671AE402BA8E13100F84520 /* Preview Content */ = {
			isa = PBXGroup;
			children = (
				4671AE412BA8E13100F84520 /* Preview Assets.xcassets */,
			);
			path = "Preview Content";
			sourceTree = "<group>";
		};
		4671AE4A2BA8E13100F84520 /* MaMovieTests */ = {
			isa = PBXGroup;
			children = (
				4671AE4B2BA8E13100F84520 /* MaMovieTests.swift */,
			);
			path = MaMovieTests;
			sourceTree = "<group>";
		};
		4671AE542BA8E13100F84520 /* MaMovieUITests */ = {
			isa = PBXGroup;
			children = (
				4671AE552BA8E13100F84520 /* MaMovieUITests.swift */,
				4671AE572BA8E13100F84520 /* MaMovieUITestsLaunchTests.swift */,
			);
			path = MaMovieUITests;
			sourceTree = "<group>";
		};
/* End PBXGroup section */

/* Begin PBXNativeTarget section */
		4671AE362BA8E12E00F84520 /* MaMovie */ = {
			isa = PBXNativeTarget;
			buildConfigurationList = 4671AE5B2BA8E13100F84520 /* Build configuration list for PBXNativeTarget "MaMovie" */;
			buildPhases = (
				4671AE332BA8E12E00F84520 /* Sources */,
				4671AE342BA8E12E00F84520 /* Frameworks */,
				4671AE352BA8E12E00F84520 /* Resources */,
			);
			buildRules = (
			);
			dependencies = (
			);
			name = MaMovie;
			productName = MaMovie;
			productReference = 4671AE372BA8E12E00F84520 /* MaMovie.app */;
			productType = "com.apple.product-type.application";
		};
		4671AE462BA8E13100F84520 /* MaMovieTests */ = {
			isa = PBXNativeTarget;
			buildConfigurationList = 4671AE5E2BA8E13100F84520 /* Build configuration list for PBXNativeTarget "MaMovieTests" */;
			buildPhases = (
				4671AE432BA8E13100F84520 /* Sources */,
				4671AE442BA8E13100F84520 /* Frameworks */,
				4671AE452BA8E13100F84520 /* Resources */,
			);
			buildRules = (
			);
			dependencies = (
				4671AE492BA8E13100F84520 /* PBXTargetDependency */,
			);
			name = MaMovieTests;
			productName = MaMovieTests;
			productReference = 4671AE472BA8E13100F84520 /* MaMovieTests.xctest */;
			productType = "com.apple.product-type.bundle.unit-test";
		};
		4671AE502BA8E13100F84520 /* MaMovieUITests */ = {
			isa = PBXNativeTarget;
			buildConfigurationList = 4671AE612BA8E13100F84520 /* Build configuration list for PBXNativeTarget "MaMovieUITests" */;
			buildPhases = (
				4671AE4D2BA8E13100F84520 /* Sources */,
				4671AE4E2BA8E13100F84520 /* Frameworks */,
				4671AE4F2BA8E13100F84520 /* Resources */,
			);
			buildRules = (
			);
			dependencies = (
				4671AE532BA8E13100F84520 /* PBXTargetDependency */,
			);
			name = MaMovieUITests;
			productName = MaMovieUITests;
			productReference = 4671AE512BA8E13100F84520 /* MaMovieUITests.xctest */;
			productType = "com.apple.product-type.bundle.ui-testing";
		};
/* End PBXNativeTarget section */

/* Begin PBXProject section */
		4671AE2F2BA8E12E00F84520 /* Project object */ = {
			isa = PBXProject;
			attributes = {
				BuildIndependentTargetsInParallel = 1;
				LastSwiftUpdateCheck = 1530;
				LastUpgradeCheck = 1530;
				TargetAttributes = {
					4671AE362BA8E12E00F84520 = {
						CreatedOnToolsVersion = 15.3;
					};
					4671AE462BA8E13100F84520 = {
						CreatedOnToolsVersion = 15.3;
						TestTargetID = 4671AE362BA8E12E00F84520;
					};
					4671AE502BA8E13100F84520 = {
						CreatedOnToolsVersion = 15.3;
						TestTargetID = 4671AE362BA8E12E00F84520;
					};
				};
			};
			buildConfigurationList = 4671AE322BA8E12E00F84520 /* Build configuration list for PBXProject "MaMovie" */;
			compatibilityVersion = "Xcode 14.0";
			developmentRegion = en;
			hasScannedForEncodings = 0;
			knownRegions = (
				en,
				Base,
			);
			mainGroup = 4671AE2E2BA8E12E00F84520;
			productRefGroup = 4671AE382BA8E12E00F84520 /* Products */;
			projectDirPath = "";
			projectRoot = "";
			targets = (
				4671AE362BA8E12E00F84520 /* MaMovie */,
				4671AE462BA8E13100F84520 /* MaMovieTests */,
				4671AE502BA8E13100F84520 /* MaMovieUITests */,
			);
		};
/* End PBXProject section */

/* Begin PBXResourcesBuildPhase section */
		4671AE352BA8E12E00F84520 /* Resources */ = {
			isa = PBXResourcesBuildPhase;
			buildActionMask = 2147483647;
			files = (
				4671AE422BA8E13100F84520 /* Preview Assets.xcassets in Resources */,
				4671AE3F2BA8E13100F84520 /* Assets.xcassets in Resources */,
			);
			runOnlyForDeploymentPostprocessing = 0;
		};
		4671AE452BA8E13100F84520 /* Resources */ = {
			isa = PBXResourcesBuildPhase;
			buildActionMask = 2147483647;
			files = (
			);
			runOnlyForDeploymentPostprocessing = 0;
		};
		4671AE4F2BA8E13100F84520 /* Resources */ = {
			isa = PBXResourcesBuildPhase;
			buildActionMask = 2147483647;
			files = (
			);
			runOnlyForDeploymentPostprocessing = 0;
		};
/* End PBXResourcesBuildPhase section */

/* Begin PBXSourcesBuildPhase section */
		4671AE332BA8E12E00F84520 /* Sources */ = {
			isa = PBXSourcesBuildPhase;
			buildActionMask = 2147483647;
			files = (
				4671AE3D2BA8E12E00F84520 /* ContentView.swift in Sources */,
				4671AE3B2BA8E12E00F84520 /* MaMovieApp.swift in Sources */,
			);
			runOnlyForDeploymentPostprocessing = 0;
		};
		4671AE432BA8E13100F84520 /* Sources */ = {
			isa = PBXSourcesBuildPhase;
			buildActionMask = 2147483647;
			files = (
				4671AE4C2BA8E13100F84520 /* MaMovieTests.swift in Sources */,
			);
			runOnlyForDeploymentPostprocessing = 0;
		};
		4671AE4D2BA8E13100F84520 /* Sources */ = {
			isa = PBXSourcesBuildPhase;
			buildActionMask = 2147483647;
			files = (
				4671AE562BA8E13100F84520 /* MaMovieUITests.swift in Sources */,
				4671AE582BA8E13100F84520 /* MaMovieUITestsLaunchTests.swift in Sources */,
			);
			runOnlyForDeploymentPostprocessing = 0;
		};
/* End PBXSourcesBuildPhase section */

/* Begin PBXTargetDependency section */
		4671AE492BA8E13100F84520 /* PBXTargetDependency */ = {
			isa = PBXTargetDependency;
			target = 4671AE362BA8E12E00F84520 /* MaMovie */;
			targetProxy = 4671AE482BA8E13100F84520 /* PBXContainerItemProxy */;
		};
		4671AE532BA8E13100F84520 /* PBXTargetDependency */ = {
			isa = PBXTargetDependency;
			target = 4671AE362BA8E12E00F84520 /* MaMovie */;
			targetProxy = 4671AE522BA8E13100F84520 /* PBXContainerItemProxy */;
		};
/* End PBXTargetDependency section */

/* Begin XCBuildConfiguration section */
		4671AE592BA8E13100F84520 /* Debug */ = {
			isa = XCBuildConfiguration;
			buildSettings = {
				ALWAYS_SEARCH_USER_PATHS = NO;
				ASSETCATALOG_COMPILER_GENERATE_SWIFT_ASSET_SYMBOL_EXTENSIONS = YES;
				CLANG_ANALYZER_NONNULL = YES;
				CLANG_ANALYZER_NUMBER_OBJECT_CONVERSION = YES_AGGRESSIVE;
				CLANG_CXX_LANGUAGE_STANDARD = "gnu++20";
				CLANG_ENABLE_MODULES = YES;
				CLANG_ENABLE_OBJC_ARC = YES;
				CLANG_ENABLE_OBJC_WEAK = YES;
				CLANG_WARN_BLOCK_CAPTURE_AUTORELEASING = YES;
				CLANG_WARN_BOOL_CONVERSION = YES;
				CLANG_WARN_COMMA = YES;
				CLANG_WARN_CONSTANT_CONVERSION = YES;
				CLANG_WARN_DEPRECATED_OBJC_IMPLEMENTATIONS = YES;
				CLANG_WARN_DIRECT_OBJC_ISA_USAGE = YES_ERROR;
				CLANG_WARN_DOCUMENTATION_COMMENTS = YES;
				CLANG_WARN_EMPTY_BODY = YES;
				CLANG_WARN_ENUM_CONVERSION = YES;
				CLANG_WARN_INFINITE_RECURSION = YES;
				CLANG_WARN_INT_CONVERSION = YES;
				CLANG_WARN_NON_LITERAL_NULL_CONVERSION = YES;
				CLANG_WARN_OBJC_IMPLICIT_RETAIN_SELF = YES;
				CLANG_WARN_OBJC_LITERAL_CONVERSION = YES;
				CLANG_WARN_OBJC_ROOT_CLASS = YES_ERROR;
				CLANG_WARN_QUOTED_INCLUDE_IN_FRAMEWORK_HEADER = YES;
				CLANG_WARN_RANGE_LOOP_ANALYSIS = YES;
				CLANG_WARN_STRICT_PROTOTYPES = YES;
				CLANG_WARN_SUSPICIOUS_MOVE = YES;
				CLANG_WARN_UNGUARDED_AVAILABILITY = YES_AGGRESSIVE;
				CLANG_WARN_UNREACHABLE_CODE = YES;
				CLANG_WARN__DUPLICATE_METHOD_MATCH = YES;
				COPY_PHASE_STRIP = NO;
				DEBUG_INFORMATION_FORMAT = dwarf;
				ENABLE_STRICT_OBJC_MSGSEND = YES;
				ENABLE_TESTABILITY = YES;
				ENABLE_USER_SCRIPT_SANDBOXING = YES;
				GCC_C_LANGUAGE_STANDARD = gnu17;
				GCC_DYNAMIC_NO_PIC = NO;
				GCC_NO_COMMON_BLOCKS = YES;
				GCC_OPTIMIZATION_LEVEL = 0;
				GCC_PREPROCESSOR_DEFINITIONS = (
					"DEBUG=1",
					"$(inherited)",
				);
				GCC_WARN_64_TO_32_BIT_CONVERSION = YES;
				GCC_WARN_ABOUT_RETURN_TYPE = YES_ERROR;
				GCC_WARN_UNDECLARED_SELECTOR = YES;
				GCC_WARN_UNINITIALIZED_AUTOS = YES_AGGRESSIVE;
				GCC_WARN_UNUSED_FUNCTION = YES;
				GCC_WARN_UNUSED_VARIABLE = YES;
				IPHONEOS_DEPLOYMENT_TARGET = 17.4;
				LOCALIZATION_PREFERS_STRING_CATALOGS = YES;
				MTL_ENABLE_DEBUG_INFO = INCLUDE_SOURCE;
				MTL_FAST_MATH = YES;
				ONLY_ACTIVE_ARCH = YES;
				SDKROOT = iphoneos;
				SWIFT_ACTIVE_COMPILATION_CONDITIONS = "DEBUG $(inherited)";
				SWIFT_OPTIMIZATION_LEVEL = "-Onone";
			};
			name = Debug;
		};
		4671AE5A2BA8E13100F84520 /* Release */ = {
			isa = XCBuildConfiguration;
			buildSettings = {
				ALWAYS_SEARCH_USER_PATHS = NO;
				ASSETCATALOG_COMPILER_GENERATE_SWIFT_ASSET_SYMBOL_EXTENSIONS = YES;
				CLANG_ANALYZER_NONNULL = YES;
				CLANG_ANALYZER_NUMBER_OBJECT_CONVERSION = YES_AGGRESSIVE;
				CLANG_CXX_LANGUAGE_STANDARD = "gnu++20";
				CLANG_ENABLE_MODULES = YES;
				CLANG_ENABLE_OBJC_ARC = YES;
				CLANG_ENABLE_OBJC_WEAK = YES;
				CLANG_WARN_BLOCK_CAPTURE_AUTORELEASING = YES;
				CLANG_WARN_BOOL_CONVERSION = YES;
				CLANG_WARN_COMMA = YES;
				CLANG_WARN_CONSTANT_CONVERSION = YES;
				CLANG_WARN_DEPRECATED_OBJC_IMPLEMENTATIONS = YES;
				CLANG_WARN_DIRECT_OBJC_ISA_USAGE = YES_ERROR;
				CLANG_WARN_DOCUMENTATION_COMMENTS = YES;
				CLANG_WARN_EMPTY_BODY = YES;
				CLANG_WARN_ENUM_CONVERSION = YES;
				CLANG_WARN_INFINITE_RECURSION = YES;
				CLANG_WARN_INT_CONVERSION = YES;
				CLANG_WARN_NON_LITERAL_NULL_CONVERSION = YES;
				CLANG_WARN_OBJC_IMPLICIT_RETAIN_SELF = YES;
				CLANG_WARN_OBJC_LITERAL_CONVERSION = YES;
				CLANG_WARN_OBJC_ROOT_CLASS = YES_ERROR;
				CLANG_WARN_QUOTED_INCLUDE_IN_FRAMEWORK_HEADER = YES;
				CLANG_WARN_RANGE_LOOP_ANALYSIS = YES;
				CLANG_WARN_STRICT_PROTOTYPES = YES;
				CLANG_WARN_SUSPICIOUS_MOVE = YES;
				CLANG_WARN_UNGUARDED_AVAILABILITY = YES_AGGRESSIVE;
				CLANG_WARN_UNREACHABLE_CODE = YES;
				CLANG_WARN__DUPLICATE_METHOD_MATCH = YES;
				COPY_PHASE_STRIP = NO;
				DEBUG_INFORMATION_FORMAT = "dwarf-with-dsym";
				ENABLE_NS_ASSERTIONS = NO;
				ENABLE_STRICT_OBJC_MSGSEND = YES;
				ENABLE_USER_SCRIPT_SANDBOXING = YES;
				GCC_C_LANGUAGE_STANDARD = gnu17;
				GCC_NO_COMMON_BLOCKS = YES;
				GCC_WARN_64_TO_32_BIT_CONVERSION = YES;
				GCC_WARN_ABOUT_RETURN_TYPE = YES_ERROR;
				GCC_WARN_UNDECLARED_SELECTOR = YES;
				GCC_WARN_UNINITIALIZED_AUTOS = YES_AGGRESSIVE;
				GCC_WARN_UNUSED_FUNCTION = YES;
				GCC_WARN_UNUSED_VARIABLE = YES;
				IPHONEOS_DEPLOYMENT_TARGET = 17.4;
				LOCALIZATION_PREFERS_STRING_CATALOGS = YES;
				MTL_ENABLE_DEBUG_INFO = NO;
				MTL_FAST_MATH = YES;
				SDKROOT = iphoneos;
				SWIFT_COMPILATION_MODE = wholemodule;
				VALIDATE_PRODUCT = YES;
			};
			name = Release;
		};
		4671AE5C2BA8E13100F84520 /* Debug */ = {
			isa = XCBuildConfiguration;
			buildSettings = {
				ASSETCATALOG_COMPILER_APPICON_NAME = AppIcon;
				ASSETCATALOG_COMPILER_GLOBAL_ACCENT_COLOR_NAME = AccentColor;
				CODE_SIGN_STYLE = Automatic;
				CURRENT_PROJECT_VERSION = 1;
				DEVELOPMENT_ASSET_PATHS = "\"MaMovie/Preview Content\"";
				DEVELOPMENT_TEAM = DXR5DNXSQL;
				ENABLE_PREVIEWS = YES;
				GENERATE_INFOPLIST_FILE = YES;
				INFOPLIST_KEY_UIApplicationSceneManifest_Generation = YES;
				INFOPLIST_KEY_UIApplicationSupportsIndirectInputEvents = YES;
				INFOPLIST_KEY_UILaunchScreen_Generation = YES;
				INFOPLIST_KEY_UISupportedInterfaceOrientations_iPad = "UIInterfaceOrientationPortrait UIInterfaceOrientationPortraitUpsideDown UIInterfaceOrientationLandscapeLeft UIInterfaceOrientationLandscapeRight";
				INFOPLIST_KEY_UISupportedInterfaceOrientations_iPhone = "UIInterfaceOrientationPortrait UIInterfaceOrientationLandscapeLeft UIInterfaceOrientationLandscapeRight";
				LD_RUNPATH_SEARCH_PATHS = (
					"$(inherited)",
					"@executable_path/Frameworks",
				);
				MARKETING_VERSION = 1.0;
				PRODUCT_BUNDLE_IDENTIFIER = co.ybkocaman.MaMovie;
				PRODUCT_NAME = "$(TARGET_NAME)";
				SWIFT_EMIT_LOC_STRINGS = YES;
				SWIFT_VERSION = 5.0;
				TARGETED_DEVICE_FAMILY = "1,2";
			};
			name = Debug;
		};
		4671AE5D2BA8E13100F84520 /* Release */ = {
			isa = XCBuildConfiguration;
			buildSettings = {
				ASSETCATALOG_COMPILER_APPICON_NAME = AppIcon;
				ASSETCATALOG_COMPILER_GLOBAL_ACCENT_COLOR_NAME = AccentColor;
				CODE_SIGN_STYLE = Automatic;
				CURRENT_PROJECT_VERSION = 1;
				DEVELOPMENT_ASSET_PATHS = "\"MaMovie/Preview Content\"";
				DEVELOPMENT_TEAM = DXR5DNXSQL;
				ENABLE_PREVIEWS = YES;
				GENERATE_INFOPLIST_FILE = YES;
				INFOPLIST_KEY_UIApplicationSceneManifest_Generation = YES;
				INFOPLIST_KEY_UIApplicationSupportsIndirectInputEvents = YES;
				INFOPLIST_KEY_UILaunchScreen_Generation = YES;
				INFOPLIST_KEY_UISupportedInterfaceOrientations_iPad = "UIInterfaceOrientationPortrait UIInterfaceOrientationPortraitUpsideDown UIInterfaceOrientationLandscapeLeft UIInterfaceOrientationLandscapeRight";
				INFOPLIST_KEY_UISupportedInterfaceOrientations_iPhone = "UIInterfaceOrientationPortrait UIInterfaceOrientationLandscapeLeft UIInterfaceOrientationLandscapeRight";
				LD_RUNPATH_SEARCH_PATHS = (
					"$(inherited)",
					"@executable_path/Frameworks",
				);
				MARKETING_VERSION = 1.0;
				PRODUCT_BUNDLE_IDENTIFIER = co.ybkocaman.MaMovie;
				PRODUCT_NAME = "$(TARGET_NAME)";
				SWIFT_EMIT_LOC_STRINGS = YES;
				SWIFT_VERSION = 5.0;
				TARGETED_DEVICE_FAMILY = "1,2";
			};
			name = Release;
		};
		4671AE5F2BA8E13100F84520 /* Debug */ = {
			isa = XCBuildConfiguration;
			buildSettings = {
				ALWAYS_EMBED_SWIFT_STANDARD_LIBRARIES = YES;
				BUNDLE_LOADER = "$(TEST_HOST)";
				CODE_SIGN_STYLE = Automatic;
				CURRENT_PROJECT_VERSION = 1;
				DEVELOPMENT_TEAM = DXR5DNXSQL;
				GENERATE_INFOPLIST_FILE = YES;
				IPHONEOS_DEPLOYMENT_TARGET = 17.4;
				MARKETING_VERSION = 1.0;
				PRODUCT_BUNDLE_IDENTIFIER = co.ybkocaman.MaMovieTests;
				PRODUCT_NAME = "$(TARGET_NAME)";
				SWIFT_EMIT_LOC_STRINGS = NO;
				SWIFT_VERSION = 5.0;
				TARGETED_DEVICE_FAMILY = "1,2";
				TEST_HOST = "$(BUILT_PRODUCTS_DIR)/MaMovie.app/$(BUNDLE_EXECUTABLE_FOLDER_PATH)/MaMovie";
			};
			name = Debug;
		};
		4671AE602BA8E13100F84520 /* Release */ = {
			isa = XCBuildConfiguration;
			buildSettings = {
				ALWAYS_EMBED_SWIFT_STANDARD_LIBRARIES = YES;
				BUNDLE_LOADER = "$(TEST_HOST)";
				CODE_SIGN_STYLE = Automatic;
				CURRENT_PROJECT_VERSION = 1;
				DEVELOPMENT_TEAM = DXR5DNXSQL;
				GENERATE_INFOPLIST_FILE = YES;
				IPHONEOS_DEPLOYMENT_TARGET = 17.4;
				MARKETING_VERSION = 1.0;
				PRODUCT_BUNDLE_IDENTIFIER = co.ybkocaman.MaMovieTests;
				PRODUCT_NAME = "$(TARGET_NAME)";
				SWIFT_EMIT_LOC_STRINGS = NO;
				SWIFT_VERSION = 5.0;
				TARGETED_DEVICE_FAMILY = "1,2";
				TEST_HOST = "$(BUILT_PRODUCTS_DIR)/MaMovie.app/$(BUNDLE_EXECUTABLE_FOLDER_PATH)/MaMovie";
			};
			name = Release;
		};
		4671AE622BA8E13100F84520 /* Debug */ = {
			isa = XCBuildConfiguration;
			buildSettings = {
				ALWAYS_EMBED_SWIFT_STANDARD_LIBRARIES = YES;
				CODE_SIGN_STYLE = Automatic;
				CURRENT_PROJECT_VERSION = 1;
				DEVELOPMENT_TEAM = DXR5DNXSQL;
				GENERATE_INFOPLIST_FILE = YES;
				MARKETING_VERSION = 1.0;
				PRODUCT_BUNDLE_IDENTIFIER = co.ybkocaman.MaMovieUITests;
				PRODUCT_NAME = "$(TARGET_NAME)";
				SWIFT_EMIT_LOC_STRINGS = NO;
				SWIFT_VERSION = 5.0;
				TARGETED_DEVICE_FAMILY = "1,2";
				TEST_TARGET_NAME = MaMovie;
			};
			name = Debug;
		};
		4671AE632BA8E13100F84520 /* Release */ = {
			isa = XCBuildConfiguration;
			buildSettings = {
				ALWAYS_EMBED_SWIFT_STANDARD_LIBRARIES = YES;
				CODE_SIGN_STYLE = Automatic;
				CURRENT_PROJECT_VERSION = 1;
				DEVELOPMENT_TEAM = DXR5DNXSQL;
				GENERATE_INFOPLIST_FILE = YES;
				MARKETING_VERSION = 1.0;
				PRODUCT_BUNDLE_IDENTIFIER = co.ybkocaman.MaMovieUITests;
				PRODUCT_NAME = "$(TARGET_NAME)";
				SWIFT_EMIT_LOC_STRINGS = NO;
				SWIFT_VERSION = 5.0;
				TARGETED_DEVICE_FAMILY = "1,2";
				TEST_TARGET_NAME = MaMovie;
			};
			name = Release;
		};
/* End XCBuildConfiguration section */

/* Begin XCConfigurationList section */
		4671AE322BA8E12E00F84520 /* Build configuration list for PBXProject "MaMovie" */ = {
			isa = XCConfigurationList;
			buildConfigurations = (
				4671AE592BA8E13100F84520 /* Debug */,
				4671AE5A2BA8E13100F84520 /* Release */,
			);
			defaultConfigurationIsVisible = 0;
			defaultConfigurationName = Release;
		};
		4671AE5B2BA8E13100F84520 /* Build configuration list for PBXNativeTarget "MaMovie" */ = {
			isa = XCConfigurationList;
			buildConfigurations = (
				4671AE5C2BA8E13100F84520 /* Debug */,
				4671AE5D2BA8E13100F84520 /* Release */,
			);
			defaultConfigurationIsVisible = 0;
			defaultConfigurationName = Release;
		};
		4671AE5E2BA8E13100F84520 /* Build configuration list for PBXNativeTarget "MaMovieTests" */ = {
			isa = XCConfigurationList;
			buildConfigurations = (
				4671AE5F2BA8E13100F84520 /* Debug */,
				4671AE602BA8E13100F84520 /* Release */,
			);
			defaultConfigurationIsVisible = 0;
			defaultConfigurationName = Release;
		};
		4671AE612BA8E13100F84520 /* Build configuration list for PBXNativeTarget "MaMovieUITests" */ = {
			isa = XCConfigurationList;
			buildConfigurations = (
				4671AE622BA8E13100F84520 /* Debug */,
				4671AE632BA8E13100F84520 /* Release */,
			);
			defaultConfigurationIsVisible = 0;
			defaultConfigurationName = Release;
		};
/* End XCConfigurationList section */
	};
	rootObject = 4671AE2F2BA8E12E00F84520 /* Project object */;
}
